
Microsoft Visual Studio Solution File, Format Version 10.00
# Visual Studio 2008
Project("{8BC9CEB8-8B4A-11D0-8D11-00A0C91BC942}") = "DLLModule", "DLLModule2008.vcproj", "{652C7D60-BC02-4E09-96DD-930012345678}"
EndProject
Project("{8BC9CEB8-8B4A-11D0-8D11-00A0C91BC942}") = "Lua500", "Lua500\Lua500.vcproj", "{C58532CF-EF1E-42FA-BFD8-B26BDEB47439}"
EndProject
Project("{8BC9CEB8-8B4A-11D0-8D11-00A0C91BC942}") = "AtgFramework", "ATG\AtgFramework2008.vcproj", "{91D208A6-9936-47FD-9659-67205C3EB0AB}"
EndProject
Project("{8BC9CEB8-8B4A-11D0-8D11-00A0C91BC942}") = "boostLib", "..\boostLib\boostLib.vcproj", "{ACC24B43-80D2-4781-9D7D-C130CE3CFD46}"
EndProject
Global
	GlobalSection(SolutionConfigurationPlatforms) = preSolution
		CodeAnalysis|Mixed Platforms = CodeAnalysis|Mixed Platforms
		CodeAnalysis|Pocket PC 2003 (ARMV4) = CodeAnalysis|Pocket PC 2003 (ARMV4)
		CodeAnalysis|Win32 = CodeAnalysis|Win32
		CodeAnalysis|Xbox 360 = CodeAnalysis|Xbox 360
		Debug|Mixed Platforms = Debug|Mixed Platforms
		Debug|Pocket PC 2003 (ARMV4) = Debug|Pocket PC 2003 (ARMV4)
		Debug|Win32 = Debug|Win32
		Debug|Xbox 360 = Debug|Xbox 360
		Profile_FastCap|Mixed Platforms = Profile_FastCap|Mixed Platforms
		Profile_FastCap|Pocket PC 2003 (ARMV4) = Profile_FastCap|Pocket PC 2003 (ARMV4)
		Profile_FastCap|Win32 = Profile_FastCap|Win32
		Profile_FastCap|Xbox 360 = Profile_FastCap|Xbox 360
		Profile|Mixed Platforms = Profile|Mixed Platforms
		Profile|Pocket PC 2003 (ARMV4) = Profile|Pocket PC 2003 (ARMV4)
		Profile|Win32 = Profile|Win32
		Profile|Xbox 360 = Profile|Xbox 360
		Release_LTCG|Mixed Platforms = Release_LTCG|Mixed Platforms
		Release_LTCG|Pocket PC 2003 (ARMV4) = Release_LTCG|Pocket PC 2003 (ARMV4)
		Release_LTCG|Win32 = Release_LTCG|Win32
		Release_LTCG|Xbox 360 = Release_LTCG|Xbox 360
		Release|Mixed Platforms = Release|Mixed Platforms
		Release|Pocket PC 2003 (ARMV4) = Release|Pocket PC 2003 (ARMV4)
		Release|Win32 = Release|Win32
		Release|Xbox 360 = Release|Xbox 360
	EndGlobalSection
	GlobalSection(ProjectConfigurationPlatforms) = postSolution
		{652C7D60-BC02-4E09-96DD-930012345678}.CodeAnalysis|Mixed Platforms.ActiveCfg = CodeAnalysis|Xbox 360
		{652C7D60-BC02-4E09-96DD-930012345678}.CodeAnalysis|Mixed Platforms.Build.0 = CodeAnalysis|Xbox 360
		{652C7D60-BC02-4E09-96DD-930012345678}.CodeAnalysis|Pocket PC 2003 (ARMV4).ActiveCfg = CodeAnalysis|Pocket PC 2003 (ARMV4)
		{652C7D60-BC02-4E09-96DD-930012345678}.CodeAnalysis|Pocket PC 2003 (ARMV4).Build.0 = CodeAnalysis|Pocket PC 2003 (ARMV4)
		{652C7D60-BC02-4E09-96DD-930012345678}.CodeAnalysis|Pocket PC 2003 (ARMV4).Deploy.0 = CodeAnalysis|Pocket PC 2003 (ARMV4)
		{652C7D60-BC02-4E09-96DD-930012345678}.CodeAnalysis|Win32.ActiveCfg = CodeAnalysis|Xbox 360
		{652C7D60-BC02-4E09-96DD-930012345678}.CodeAnalysis|Xbox 360.ActiveCfg = CodeAnalysis|Xbox 360
		{652C7D60-BC02-4E09-96DD-930012345678}.CodeAnalysis|Xbox 360.Build.0 = CodeAnalysis|Xbox 360
		{652C7D60-BC02-4E09-96DD-930012345678}.Debug|Mixed Platforms.ActiveCfg = Debug|Xbox 360
		{652C7D60-BC02-4E09-96DD-930012345678}.Debug|Mixed Platforms.Build.0 = Debug|Xbox 360
		{652C7D60-BC02-4E09-96DD-930012345678}.Debug|Pocket PC 2003 (ARMV4).ActiveCfg = Debug|Pocket PC 2003 (ARMV4)
		{652C7D60-BC02-4E09-96DD-930012345678}.Debug|Pocket PC 2003 (ARMV4).Build.0 = Debug|Pocket PC 2003 (ARMV4)
		{652C7D60-BC02-4E09-96DD-930012345678}.Debug|Pocket PC 2003 (ARMV4).Deploy.0 = Debug|Pocket PC 2003 (ARMV4)
		{652C7D60-BC02-4E09-96DD-930012345678}.Debug|Win32.ActiveCfg = Debug|Xbox 360
		{652C7D60-BC02-4E09-96DD-930012345678}.Debug|Xbox 360.ActiveCfg = Debug|Xbox 360
		{652C7D60-BC02-4E09-96DD-930012345678}.Debug|Xbox 360.Build.0 = Debug|Xbox 360
		{652C7D60-BC02-4E09-96DD-930012345678}.Profile_FastCap|Mixed Platforms.ActiveCfg = Profile_FastCap|Xbox 360
		{652C7D60-BC02-4E09-96DD-930012345678}.Profile_FastCap|Mixed Platforms.Build.0 = Profile_FastCap|Xbox 360
		{652C7D60-BC02-4E09-96DD-930012345678}.Profile_FastCap|Pocket PC 2003 (ARMV4).ActiveCfg = Profile_FastCap|Pocket PC 2003 (ARMV4)
		{652C7D60-BC02-4E09-96DD-930012345678}.Profile_FastCap|Pocket PC 2003 (ARMV4).Build.0 = Profile_FastCap|Pocket PC 2003 (ARMV4)
		{652C7D60-BC02-4E09-96DD-930012345678}.Profile_FastCap|Pocket PC 2003 (ARMV4).Deploy.0 = Profile_FastCap|Pocket PC 2003 (ARMV4)
		{652C7D60-BC02-4E09-96DD-930012345678}.Profile_FastCap|Win32.ActiveCfg = Profile_FastCap|Xbox 360
		{652C7D60-BC02-4E09-96DD-930012345678}.Profile_FastCap|Xbox 360.ActiveCfg = Profile_FastCap|Xbox 360
		{652C7D60-BC02-4E09-96DD-930012345678}.Profile_FastCap|Xbox 360.Build.0 = Profile_FastCap|Xbox 360
		{652C7D60-BC02-4E09-96DD-930012345678}.Profile|Mixed Platforms.ActiveCfg = Profile|Xbox 360
		{652C7D60-BC02-4E09-96DD-930012345678}.Profile|Mixed Platforms.Build.0 = Profile|Xbox 360
		{652C7D60-BC02-4E09-96DD-930012345678}.Profile|Pocket PC 2003 (ARMV4).ActiveCfg = Profile|Pocket PC 2003 (ARMV4)
		{652C7D60-BC02-4E09-96DD-930012345678}.Profile|Pocket PC 2003 (ARMV4).Build.0 = Profile|Pocket PC 2003 (ARMV4)
		{652C7D60-BC02-4E09-96DD-930012345678}.Profile|Pocket PC 2003 (ARMV4).Deploy.0 = Profile|Pocket PC 2003 (ARMV4)
		{652C7D60-BC02-4E09-96DD-930012345678}.Profile|Win32.ActiveCfg = Profile|Xbox 360
		{652C7D60-BC02-4E09-96DD-930012345678}.Profile|Xbox 360.ActiveCfg = Profile|Xbox 360
		{652C7D60-BC02-4E09-96DD-930012345678}.Profile|Xbox 360.Build.0 = Profile|Xbox 360
		{652C7D60-BC02-4E09-96DD-930012345678}.Release_LTCG|Mixed Platforms.ActiveCfg = Release_LTCG|Xbox 360
		{652C7D60-BC02-4E09-96DD-930012345678}.Release_LTCG|Mixed Platforms.Build.0 = Release_LTCG|Xbox 360
		{652C7D60-BC02-4E09-96DD-930012345678}.Release_LTCG|Pocket PC 2003 (ARMV4).ActiveCfg = Release_LTCG|Pocket PC 2003 (ARMV4)
		{652C7D60-BC02-4E09-96DD-930012345678}.Release_LTCG|Pocket PC 2003 (ARMV4).Build.0 = Release_LTCG|Pocket PC 2003 (ARMV4)
		{652C7D60-BC02-4E09-96DD-930012345678}.Release_LTCG|Pocket PC 2003 (ARMV4).Deploy.0 = Release_LTCG|Pocket PC 2003 (ARMV4)
		{652C7D60-BC02-4E09-96DD-930012345678}.Release_LTCG|Win32.ActiveCfg = Release_LTCG|Xbox 360
		{652C7D60-BC02-4E09-96DD-930012345678}.Release_LTCG|Xbox 360.ActiveCfg = Release_LTCG|Xbox 360
		{652C7D60-BC02-4E09-96DD-930012345678}.Release_LTCG|Xbox 360.Build.0 = Release_LTCG|Xbox 360
		{652C7D60-BC02-4E09-96DD-930012345678}.Release|Mixed Platforms.ActiveCfg = Release|Xbox 360
		{652C7D60-BC02-4E09-96DD-930012345678}.Release|Mixed Platforms.Build.0 = Release|Xbox 360
		{652C7D60-BC02-4E09-96DD-930012345678}.Release|Pocket PC 2003 (ARMV4).ActiveCfg = Release|Xbox 360
		{652C7D60-BC02-4E09-96DD-930012345678}.Release|Pocket PC 2003 (ARMV4).Build.0 = Release|Xbox 360
		{652C7D60-BC02-4E09-96DD-930012345678}.Release|Pocket PC 2003 (ARMV4).Deploy.0 = Release|Xbox 360
		{652C7D60-BC02-4E09-96DD-930012345678}.Release|Win32.ActiveCfg = Release|Xbox 360
		{652C7D60-BC02-4E09-96DD-930012345678}.Release|Xbox 360.ActiveCfg = Release|Xbox 360
		{652C7D60-BC02-4E09-96DD-930012345678}.Release|Xbox 360.Build.0 = Release|Xbox 360
		{C58532CF-EF1E-42FA-BFD8-B26BDEB47439}.CodeAnalysis|Mixed Platforms.ActiveCfg = CodeAnalysis|Xbox 360
		{C58532CF-EF1E-42FA-BFD8-B26BDEB47439}.CodeAnalysis|Mixed Platforms.Build.0 = CodeAnalysis|Xbox 360
		{C58532CF-EF1E-42FA-BFD8-B26BDEB47439}.CodeAnalysis|Pocket PC 2003 (ARMV4).ActiveCfg = CodeAnalysis|Xbox 360
		{C58532CF-EF1E-42FA-BFD8-B26BDEB47439}.CodeAnalysis|Win32.ActiveCfg = CodeAnalysis|Xbox 360
		{C58532CF-EF1E-42FA-BFD8-B26BDEB47439}.CodeAnalysis|Xbox 360.ActiveCfg = CodeAnalysis|Xbox 360
		{C58532CF-EF1E-42FA-BFD8-B26BDEB47439}.CodeAnalysis|Xbox 360.Build.0 = CodeAnalysis|Xbox 360
		{C58532CF-EF1E-42FA-BFD8-B26BDEB47439}.Debug|Mixed Platforms.ActiveCfg = Debug|Xbox 360
		{C58532CF-EF1E-42FA-BFD8-B26BDEB47439}.Debug|Mixed Platforms.Build.0 = Debug|Xbox 360
		{C58532CF-EF1E-42FA-BFD8-B26BDEB47439}.Debug|Pocket PC 2003 (ARMV4).ActiveCfg = Debug|Xbox 360
		{C58532CF-EF1E-42FA-BFD8-B26BDEB47439}.Debug|Win32.ActiveCfg = Debug|Xbox 360
		{C58532CF-EF1E-42FA-BFD8-B26BDEB47439}.Debug|Xbox 360.ActiveCfg = Debug|Xbox 360
		{C58532CF-EF1E-42FA-BFD8-B26BDEB47439}.Debug|Xbox 360.Build.0 = Debug|Xbox 360
		{C58532CF-EF1E-42FA-BFD8-B26BDEB47439}.Profile_FastCap|Mixed Platforms.ActiveCfg = Profile_FastCap|Xbox 360
		{C58532CF-EF1E-42FA-BFD8-B26BDEB47439}.Profile_FastCap|Mixed Platforms.Build.0 = Profile_FastCap|Xbox 360
		{C58532CF-EF1E-42FA-BFD8-B26BDEB47439}.Profile_FastCap|Pocket PC 2003 (ARMV4).ActiveCfg = Profile_FastCap|Xbox 360
		{C58532CF-EF1E-42FA-BFD8-B26BDEB47439}.Profile_FastCap|Win32.ActiveCfg = Profile_FastCap|Xbox 360
		{C58532CF-EF1E-42FA-BFD8-B26BDEB47439}.Profile_FastCap|Xbox 360.ActiveCfg = Profile_FastCap|Xbox 360
		{C58532CF-EF1E-42FA-BFD8-B26BDEB47439}.Profile_FastCap|Xbox 360.Build.0 = Profile_FastCap|Xbox 360
		{C58532CF-EF1E-42FA-BFD8-B26BDEB47439}.Profile|Mixed Platforms.ActiveCfg = Profile|Xbox 360
		{C58532CF-EF1E-42FA-BFD8-B26BDEB47439}.Profile|Mixed Platforms.Build.0 = Profile|Xbox 360
		{C58532CF-EF1E-42FA-BFD8-B26BDEB47439}.Profile|Pocket PC 2003 (ARMV4).ActiveCfg = Profile|Xbox 360
		{C58532CF-EF1E-42FA-BFD8-B26BDEB47439}.Profile|Win32.ActiveCfg = Profile|Xbox 360
		{C58532CF-EF1E-42FA-BFD8-B26BDEB47439}.Profile|Xbox 360.ActiveCfg = Profile|Xbox 360
		{C58532CF-EF1E-42FA-BFD8-B26BDEB47439}.Profile|Xbox 360.Build.0 = Profile|Xbox 360
		{C58532CF-EF1E-42FA-BFD8-B26BDEB47439}.Release_LTCG|Mixed Platforms.ActiveCfg = Release_LTCG|Xbox 360
		{C58532CF-EF1E-42FA-BFD8-B26BDEB47439}.Release_LTCG|Mixed Platforms.Build.0 = Release_LTCG|Xbox 360
		{C58532CF-EF1E-42FA-BFD8-B26BDEB47439}.Release_LTCG|Pocket PC 2003 (ARMV4).ActiveCfg = Release_LTCG|Xbox 360
		{C58532CF-EF1E-42FA-BFD8-B26BDEB47439}.Release_LTCG|Win32.ActiveCfg = Release_LTCG|Xbox 360
		{C58532CF-EF1E-42FA-BFD8-B26BDEB47439}.Release_LTCG|Xbox 360.ActiveCfg = Release_LTCG|Xbox 360
		{C58532CF-EF1E-42FA-BFD8-B26BDEB47439}.Release_LTCG|Xbox 360.Build.0 = Release_LTCG|Xbox 360
		{C58532CF-EF1E-42FA-BFD8-B26BDEB47439}.Release|Mixed Platforms.ActiveCfg = Release|Xbox 360
		{C58532CF-EF1E-42FA-BFD8-B26BDEB47439}.Release|Mixed Platforms.Build.0 = Release|Xbox 360
		{C58532CF-EF1E-42FA-BFD8-B26BDEB47439}.Release|Pocket PC 2003 (ARMV4).ActiveCfg = Release|Xbox 360
		{C58532CF-EF1E-42FA-BFD8-B26BDEB47439}.Release|Win32.ActiveCfg = Release|Xbox 360
		{C58532CF-EF1E-42FA-BFD8-B26BDEB47439}.Release|Xbox 360.ActiveCfg = Release|Xbox 360
		{C58532CF-EF1E-42FA-BFD8-B26BDEB47439}.Release|Xbox 360.Build.0 = Release|Xbox 360
		{91D208A6-9936-47FD-9659-67205C3EB0AB}.CodeAnalysis|Mixed Platforms.ActiveCfg = CodeAnalysis|Xbox 360
		{91D208A6-9936-47FD-9659-67205C3EB0AB}.CodeAnalysis|Mixed Platforms.Build.0 = CodeAnalysis|Xbox 360
		{91D208A6-9936-47FD-9659-67205C3EB0AB}.CodeAnalysis|Pocket PC 2003 (ARMV4).ActiveCfg = CodeAnalysis|Xbox 360
		{91D208A6-9936-47FD-9659-67205C3EB0AB}.CodeAnalysis|Win32.ActiveCfg = CodeAnalysis|Xbox 360
		{91D208A6-9936-47FD-9659-67205C3EB0AB}.CodeAnalysis|Xbox 360.ActiveCfg = CodeAnalysis|Xbox 360
		{91D208A6-9936-47FD-9659-67205C3EB0AB}.CodeAnalysis|Xbox 360.Build.0 = CodeAnalysis|Xbox 360
		{91D208A6-9936-47FD-9659-67205C3EB0AB}.Debug|Mixed Platforms.ActiveCfg = Debug|Xbox 360
		{91D208A6-9936-47FD-9659-67205C3EB0AB}.Debug|Mixed Platforms.Build.0 = Debug|Xbox 360
		{91D208A6-9936-47FD-9659-67205C3EB0AB}.Debug|Pocket PC 2003 (ARMV4).ActiveCfg = Debug|Xbox 360
		{91D208A6-9936-47FD-9659-67205C3EB0AB}.Debug|Win32.ActiveCfg = Debug|Xbox 360
		{91D208A6-9936-47FD-9659-67205C3EB0AB}.Debug|Xbox 360.ActiveCfg = Debug|Xbox 360
		{91D208A6-9936-47FD-9659-67205C3EB0AB}.Debug|Xbox 360.Build.0 = Debug|Xbox 360
		{91D208A6-9936-47FD-9659-67205C3EB0AB}.Profile_FastCap|Mixed Platforms.ActiveCfg = Profile_FastCap|Xbox 360
		{91D208A6-9936-47FD-9659-67205C3EB0AB}.Profile_FastCap|Mixed Platforms.Build.0 = Profile_FastCap|Xbox 360
		{91D208A6-9936-47FD-9659-67205C3EB0AB}.Profile_FastCap|Pocket PC 2003 (ARMV4).ActiveCfg = Profile_FastCap|Xbox 360
		{91D208A6-9936-47FD-9659-67205C3EB0AB}.Profile_FastCap|Win32.ActiveCfg = Profile_FastCap|Xbox 360
		{91D208A6-9936-47FD-9659-67205C3EB0AB}.Profile_FastCap|Xbox 360.ActiveCfg = Profile_FastCap|Xbox 360
		{91D208A6-9936-47FD-9659-67205C3EB0AB}.Profile_FastCap|Xbox 360.Build.0 = Profile_FastCap|Xbox 360
		{91D208A6-9936-47FD-9659-67205C3EB0AB}.Profile|Mixed Platforms.ActiveCfg = Profile|Xbox 360
		{91D208A6-9936-47FD-9659-67205C3EB0AB}.Profile|Mixed Platforms.Build.0 = Profile|Xbox 360
		{91D208A6-9936-47FD-9659-67205C3EB0AB}.Profile|Pocket PC 2003 (ARMV4).ActiveCfg = Profile|Xbox 360
		{91D208A6-9936-47FD-9659-67205C3EB0AB}.Profile|Win32.ActiveCfg = Profile|Xbox 360
		{91D208A6-9936-47FD-9659-67205C3EB0AB}.Profile|Xbox 360.ActiveCfg = Profile|Xbox 360
		{91D208A6-9936-47FD-9659-67205C3EB0AB}.Profile|Xbox 360.Build.0 = Profile|Xbox 360
		{91D208A6-9936-47FD-9659-67205C3EB0AB}.Release_LTCG|Mixed Platforms.ActiveCfg = Release_LTCG|Xbox 360
		{91D208A6-9936-47FD-9659-67205C3EB0AB}.Release_LTCG|Mixed Platforms.Build.0 = Release_LTCG|Xbox 360
		{91D208A6-9936-47FD-9659-67205C3EB0AB}.Release_LTCG|Pocket PC 2003 (ARMV4).ActiveCfg = Release_LTCG|Xbox 360
		{91D208A6-9936-47FD-9659-67205C3EB0AB}.Release_LTCG|Win32.ActiveCfg = Release_LTCG|Xbox 360
		{91D208A6-9936-47FD-9659-67205C3EB0AB}.Release_LTCG|Xbox 360.ActiveCfg = Release_LTCG|Xbox 360
		{91D208A6-9936-47FD-9659-67205C3EB0AB}.Release_LTCG|Xbox 360.Build.0 = Release_LTCG|Xbox 360
		{91D208A6-9936-47FD-9659-67205C3EB0AB}.Release|Mixed Platforms.ActiveCfg = Release|Xbox 360
		{91D208A6-9936-47FD-9659-67205C3EB0AB}.Release|Mixed Platforms.Build.0 = Release|Xbox 360
		{91D208A6-9936-47FD-9659-67205C3EB0AB}.Release|Pocket PC 2003 (ARMV4).ActiveCfg = Release|Xbox 360
		{91D208A6-9936-47FD-9659-67205C3EB0AB}.Release|Win32.ActiveCfg = Release|Xbox 360
		{91D208A6-9936-47FD-9659-67205C3EB0AB}.Release|Xbox 360.ActiveCfg = Release|Xbox 360
		{91D208A6-9936-47FD-9659-67205C3EB0AB}.Release|Xbox 360.Build.0 = Release|Xbox 360
		{ACC24B43-80D2-4781-9D7D-C130CE3CFD46}.CodeAnalysis|Mixed Platforms.ActiveCfg = CodeAnalysis|Xbox 360
		{ACC24B43-80D2-4781-9D7D-C130CE3CFD46}.CodeAnalysis|Mixed Platforms.Build.0 = CodeAnalysis|Xbox 360
		{ACC24B43-80D2-4781-9D7D-C130CE3CFD46}.CodeAnalysis|Pocket PC 2003 (ARMV4).ActiveCfg = CodeAnalysis|Xbox 360
		{ACC24B43-80D2-4781-9D7D-C130CE3CFD46}.CodeAnalysis|Win32.ActiveCfg = CodeAnalysis|Xbox 360
		{ACC24B43-80D2-4781-9D7D-C130CE3CFD46}.CodeAnalysis|Xbox 360.ActiveCfg = CodeAnalysis|Xbox 360
		{ACC24B43-80D2-4781-9D7D-C130CE3CFD46}.CodeAnalysis|Xbox 360.Build.0 = CodeAnalysis|Xbox 360
		{ACC24B43-80D2-4781-9D7D-C130CE3CFD46}.Debug|Mixed Platforms.ActiveCfg = Debug|Xbox 360
		{ACC24B43-80D2-4781-9D7D-C130CE3CFD46}.Debug|Mixed Platforms.Build.0 = Debug|Xbox 360
		{ACC24B43-80D2-4781-9D7D-C130CE3CFD46}.Debug|Pocket PC 2003 (ARMV4).ActiveCfg = Debug|Xbox 360
		{ACC24B43-80D2-4781-9D7D-C130CE3CFD46}.Debug|Win32.ActiveCfg = Debug|Xbox 360
		{ACC24B43-80D2-4781-9D7D-C130CE3CFD46}.Debug|Xbox 360.ActiveCfg = Debug|Xbox 360
		{ACC24B43-80D2-4781-9D7D-C130CE3CFD46}.Debug|Xbox 360.Build.0 = Debug|Xbox 360
		{ACC24B43-80D2-4781-9D7D-C130CE3CFD46}.Profile_FastCap|Mixed Platforms.ActiveCfg = Profile_FastCap|Xbox 360
		{ACC24B43-80D2-4781-9D7D-C130CE3CFD46}.Profile_FastCap|Mixed Platforms.Build.0 = Profile_FastCap|Xbox 360
		{ACC24B43-80D2-4781-9D7D-C130CE3CFD46}.Profile_FastCap|Pocket PC 2003 (ARMV4).ActiveCfg = Profile_FastCap|Xbox 360
		{ACC24B43-80D2-4781-9D7D-C130CE3CFD46}.Profile_FastCap|Win32.ActiveCfg = Profile_FastCap|Xbox 360
		{ACC24B43-80D2-4781-9D7D-C130CE3CFD46}.Profile_FastCap|Xbox 360.ActiveCfg = Profile_FastCap|Xbox 360
		{ACC24B43-80D2-4781-9D7D-C130CE3CFD46}.Profile_FastCap|Xbox 360.Build.0 = Profile_FastCap|Xbox 360
		{ACC24B43-80D2-4781-9D7D-C130CE3CFD46}.Profile|Mixed Platforms.ActiveCfg = Profile|Xbox 360
		{ACC24B43-80D2-4781-9D7D-C130CE3CFD46}.Profile|Mixed Platforms.Build.0 = Profile|Xbox 360
		{ACC24B43-80D2-4781-9D7D-C130CE3CFD46}.Profile|Pocket PC 2003 (ARMV4).ActiveCfg = Profile|Xbox 360
		{ACC24B43-80D2-4781-9D7D-C130CE3CFD46}.Profile|Win32.ActiveCfg = Profile|Xbox 360
		{ACC24B43-80D2-4781-9D7D-C130CE3CFD46}.Profile|Xbox 360.ActiveCfg = Profile|Xbox 360
		{ACC24B43-80D2-4781-9D7D-C130CE3CFD46}.Profile|Xbox 360.Build.0 = Profile|Xbox 360
		{ACC24B43-80D2-4781-9D7D-C130CE3CFD46}.Release_LTCG|Mixed Platforms.ActiveCfg = Release_LTCG|Xbox 360
		{ACC24B43-80D2-4781-9D7D-C130CE3CFD46}.Release_LTCG|Mixed Platforms.Build.0 = Release_LTCG|Xbox 360
		{ACC24B43-80D2-4781-9D7D-C130CE3CFD46}.Release_LTCG|Pocket PC 2003 (ARMV4).ActiveCfg = Release_LTCG|Xbox 360
		{ACC24B43-80D2-4781-9D7D-C130CE3CFD46}.Release_LTCG|Win32.ActiveCfg = Release_LTCG|Xbox 360
		{ACC24B43-80D2-4781-9D7D-C130CE3CFD46}.Release_LTCG|Xbox 360.ActiveCfg = Release_LTCG|Xbox 360
		{ACC24B43-80D2-4781-9D7D-C130CE3CFD46}.Release_LTCG|Xbox 360.Build.0 = Release_LTCG|Xbox 360
		{ACC24B43-80D2-4781-9D7D-C130CE3CFD46}.Release|Mixed Platforms.ActiveCfg = Release|Xbox 360
		{ACC24B43-80D2-4781-9D7D-C130CE3CFD46}.Release|Mixed Platforms.Build.0 = Release|Xbox 360
		{ACC24B43-80D2-4781-9D7D-C130CE3CFD46}.Release|Pocket PC 2003 (ARMV4).ActiveCfg = Release|Xbox 360
		{ACC24B43-80D2-4781-9D7D-C130CE3CFD46}.Release|Win32.ActiveCfg = Release|Xbox 360
		{ACC24B43-80D2-4781-9D7D-C130CE3CFD46}.Release|Xbox 360.ActiveCfg = Release|Xbox 360
		{ACC24B43-80D2-4781-9D7D-C130CE3CFD46}.Release|Xbox 360.Build.0 = Release|Xbox 360
	EndGlobalSection
	GlobalSection(SolutionProperties) = preSolution
		HideSolutionNode = FALSE
	EndGlobalSection
EndGlobal
